
Microsoft Visual Studio Solution File, Format Version 12.00
# Visual Studio Version 17
VisualStudioVersion = 17.14.36310.24 d17.14
MinimumVisualStudioVersion = 10.0.40219.1
Project("{FAE04EC0-301F-11D3-BF4B-00C04F79EFBC}") = "Phoenix.DocumentVersioningAPI", "Phoenix.DocumentVersioningAPI\Phoenix.DocumentVersioningAPI.csproj", "{CE5C4560-5A99-4A99-ACE9-EBD88F604D63}"
EndProject
Project("{FAE04EC0-301F-11D3-BF4B-00C04F79EFBC}") = "Phoenix.Entities", "Phoenix.Entities\Phoenix.Entities.csproj", "{601660B8-F975-4409-9A1A-EDE0A75CE62A}"
EndProject
Project("{FAE04EC0-301F-11D3-BF4B-00C04F79EFBC}") = "Phoenix.Data", "Phoenix.Data\Phoenix.Data.csproj", "{69B4757E-E2AB-4C74-B957-C44B28EBAA2A}"
EndProject
Project("{FAE04EC0-301F-11D3-BF4B-00C04F79EFBC}") = "Phoenix.Services", "Phoenix.Services\Phoenix.Services.csproj", "{2786C85E-3794-400D-94F2-FC1F07A9BBA7}"
EndProject
Project("{FAE04EC0-301F-11D3-BF4B-00C04F79EFBC}") = "Phoenix.Common", "Phoenix.Common\Phoenix.Common.csproj", "{189C441B-B403-4FA1-9818-E8A1E0E3B6B3}"
EndProject
Global
	GlobalSection(SolutionConfigurationPlatforms) = preSolution
		Debug|Any CPU = Debug|Any CPU
		Release|Any CPU = Release|Any CPU
	EndGlobalSection
	GlobalSection(ProjectConfigurationPlatforms) = postSolution
		{CE5C4560-5A99-4A99-ACE9-EBD88F604D63}.Debug|Any CPU.ActiveCfg = Debug|Any CPU
		{CE5C4560-5A99-4A99-ACE9-EBD88F604D63}.Debug|Any CPU.Build.0 = Debug|Any CPU
		{CE5C4560-5A99-4A99-ACE9-EBD88F604D63}.Release|Any CPU.ActiveCfg = Release|Any CPU
		{CE5C4560-5A99-4A99-ACE9-EBD88F604D63}.Release|Any CPU.Build.0 = Release|Any CPU
		{601660B8-F975-4409-9A1A-EDE0A75CE62A}.Debug|Any CPU.ActiveCfg = Debug|Any CPU
		{601660B8-F975-4409-9A1A-EDE0A75CE62A}.Debug|Any CPU.Build.0 = Debug|Any CPU
		{601660B8-F975-4409-9A1A-EDE0A75CE62A}.Release|Any CPU.ActiveCfg = Release|Any CPU
		{601660B8-F975-4409-9A1A-EDE0A75CE62A}.Release|Any CPU.Build.0 = Release|Any CPU
		{69B4757E-E2AB-4C74-B957-C44B28EBAA2A}.Debug|Any CPU.ActiveCfg = Debug|Any CPU
		{69B4757E-E2AB-4C74-B957-C44B28EBAA2A}.Debug|Any CPU.Build.0 = Debug|Any CPU
		{69B4757E-E2AB-4C74-B957-C44B28EBAA2A}.Release|Any CPU.ActiveCfg = Release|Any CPU
		{69B4757E-E2AB-4C74-B957-C44B28EBAA2A}.Release|Any CPU.Build.0 = Release|Any CPU
		{2786C85E-3794-400D-94F2-FC1F07A9BBA7}.Debug|Any CPU.ActiveCfg = Debug|Any CPU
		{2786C85E-3794-400D-94F2-FC1F07A9BBA7}.Debug|Any CPU.Build.0 = Debug|Any CPU
		{2786C85E-3794-400D-94F2-FC1F07A9BBA7}.Release|Any CPU.ActiveCfg = Release|Any CPU
		{2786C85E-3794-400D-94F2-FC1F07A9BBA7}.Release|Any CPU.Build.0 = Release|Any CPU
		{189C441B-B403-4FA1-9818-E8A1E0E3B6B3}.Debug|Any CPU.ActiveCfg = Debug|Any CPU
		{189C441B-B403-4FA1-9818-E8A1E0E3B6B3}.Debug|Any CPU.Build.0 = Debug|Any CPU
		{189C441B-B403-4FA1-9818-E8A1E0E3B6B3}.Release|Any CPU.ActiveCfg = Release|Any CPU
		{189C441B-B403-4FA1-9818-E8A1E0E3B6B3}.Release|Any CPU.Build.0 = Release|Any CPU
	EndGlobalSection
	GlobalSection(SolutionProperties) = preSolution
		HideSolutionNode = FALSE
	EndGlobalSection
	GlobalSection(ExtensibilityGlobals) = postSolution
		SolutionGuid = {530E5184-79F0-419E-AB7A-9E34E1091738}
	EndGlobalSection
EndGlobal
